// !$*UTF8*$!
{
	archiveVersion = 1;
	classes = {
	};
	objectVersion = 46;
	objects = {

/* Begin PBXBuildFile section */
		4C2976E8180D4EC6000246FC /* Foundation.framework in Frameworks */ = {isa = PBXBuildFile; fileRef = 4C2976E7180D4EC6000246FC /* Foundation.framework */; };
		4C2976EA180D4EC6000246FC /* CoreGraphics.framework in Frameworks */ = {isa = PBXBuildFile; fileRef = 4C2976E9180D4EC6000246FC /* CoreGraphics.framework */; };
		4C2976EC180D4EC6000246FC /* UIKit.framework in Frameworks */ = {isa = PBXBuildFile; fileRef = 4C2976EB180D4EC6000246FC /* UIKit.framework */; };
		4C2976F2180D4EC6000246FC /* InfoPlist.strings in Resources */ = {isa = PBXBuildFile; fileRef = 4C2976F0180D4EC6000246FC /* InfoPlist.strings */; };
		4C2976F4180D4EC6000246FC /* main.m in Sources */ = {isa = PBXBuildFile; fileRef = 4C2976F3180D4EC6000246FC /* main.m */; };
		4C2976F8180D4EC6000246FC /* MIJAppDelegate.m in Sources */ = {isa = PBXBuildFile; fileRef = 4C2976F7180D4EC6000246FC /* MIJAppDelegate.m */; };
		4C2976FA180D4EC6000246FC /* Images.xcassets in Resources */ = {isa = PBXBuildFile; fileRef = 4C2976F9180D4EC6000246FC /* Images.xcassets */; };
		4C297701180D4EC6000246FC /* XCTest.framework in Frameworks */ = {isa = PBXBuildFile; fileRef = 4C297700180D4EC6000246FC /* XCTest.framework */; };
		4C297702180D4EC6000246FC /* Foundation.framework in Frameworks */ = {isa = PBXBuildFile; fileRef = 4C2976E7180D4EC6000246FC /* Foundation.framework */; };
		4C297703180D4EC6000246FC /* UIKit.framework in Frameworks */ = {isa = PBXBuildFile; fileRef = 4C2976EB180D4EC6000246FC /* UIKit.framework */; };
		4C29770B180D4EC6000246FC /* InfoPlist.strings in Resources */ = {isa = PBXBuildFile; fileRef = 4C297709180D4EC6000246FC /* InfoPlist.strings */; };
		4C29770D180D4EC6000246FC /* AdCalcTests.m in Sources */ = {isa = PBXBuildFile; fileRef = 4C29770C180D4EC6000246FC /* AdCalcTests.m */; };
		4C297717180D4F05000246FC /* MainStoryboard.storyboard in Resources */ = {isa = PBXBuildFile; fileRef = 4C297716180D4F05000246FC /* MainStoryboard.storyboard */; };
		4C29771A180D4F1A000246FC /* MainViewController.m in Sources */ = {isa = PBXBuildFile; fileRef = 4C297719180D4F1A000246FC /* MainViewController.m */; };
		4C297722180D65D9000246FC /* AdCalc_AppIcon.png in Resources */ = {isa = PBXBuildFile; fileRef = 4C29771C180D65D9000246FC /* AdCalc_AppIcon.png */; };
		4C297723180D65D9000246FC /* AdCalc_BackgroundImage.png in Resources */ = {isa = PBXBuildFile; fileRef = 4C29771D180D65D9000246FC /* AdCalc_BackgroundImage.png */; };
		4C297724180D65D9000246FC /* AdCalc_LoadUpScreen_2x.png in Resources */ = {isa = PBXBuildFile; fileRef = 4C29771E180D65D9000246FC /* AdCalc_LoadUpScreen_2x.png */; };
		4C297725180D65D9000246FC /* AdCalc_LoadUpScreen.png in Resources */ = {isa = PBXBuildFile; fileRef = 4C29771F180D65D9000246FC /* AdCalc_LoadUpScreen.png */; };
		4C297726180D65D9000246FC /* AdCalc_SettingsIcon.png in Resources */ = {isa = PBXBuildFile; fileRef = 4C297720180D65D9000246FC /* AdCalc_SettingsIcon.png */; };
		4C297727180D65D9000246FC /* AdCalc_SpotlightIcon.png in Resources */ = {isa = PBXBuildFile; fileRef = 4C297721180D65D9000246FC /* AdCalc_SpotlightIcon.png */; };
/* End PBXBuildFile section */

/* Begin PBXContainerItemProxy section */
		4C297704180D4EC6000246FC /* PBXContainerItemProxy */ = {
			isa = PBXContainerItemProxy;
			containerPortal = 4C2976DC180D4EC6000246FC /* Project object */;
			proxyType = 1;
			remoteGlobalIDString = 4C2976E3180D4EC6000246FC;
			remoteInfo = AdCalc;
		};
/* End PBXContainerItemProxy section */

/* Begin PBXFileReference section */
		4C2976E4180D4EC6000246FC /* AdCalc.app */ = {isa = PBXFileReference; explicitFileType = wrapper.application; includeInIndex = 0; path = AdCalc.app; sourceTree = BUILT_PRODUCTS_DIR; };
		4C2976E7180D4EC6000246FC /* Foundation.framework */ = {isa = PBXFileReference; lastKnownFileType = wrapper.framework; name = Foundation.framework; path = System/Library/Frameworks/Foundation.framework; sourceTree = SDKROOT; };
		4C2976E9180D4EC6000246FC /* CoreGraphics.framework */ = {isa = PBXFileReference; lastKnownFileType = wrapper.framework; name = CoreGraphics.framework; path = System/Library/Frameworks/CoreGraphics.framework; sourceTree = SDKROOT; };
		4C2976EB180D4EC6000246FC /* UIKit.framework */ = {isa = PBXFileReference; lastKnownFileType = wrapper.framework; name = UIKit.framework; path = System/Library/Frameworks/UIKit.framework; sourceTree = SDKROOT; };
		4C2976EF180D4EC6000246FC /* AdCalc-Info.plist */ = {isa = PBXFileReference; lastKnownFileType = text.plist.xml; path = "AdCalc-Info.plist"; sourceTree = "<group>"; };
		4C2976F1180D4EC6000246FC /* en */ = {isa = PBXFileReference; lastKnownFileType = text.plist.strings; name = en; path = en.lproj/InfoPlist.strings; sourceTree = "<group>"; };
		4C2976F3180D4EC6000246FC /* main.m */ = {isa = PBXFileReference; lastKnownFileType = sourcecode.c.objc; path = main.m; sourceTree = "<group>"; };
		4C2976F5180D4EC6000246FC /* AdCalc-Prefix.pch */ = {isa = PBXFileReference; lastKnownFileType = sourcecode.c.h; path = "AdCalc-Prefix.pch"; sourceTree = "<group>"; };
		4C2976F6180D4EC6000246FC /* MIJAppDelegate.h */ = {isa = PBXFileReference; lastKnownFileType = sourcecode.c.h; path = MIJAppDelegate.h; sourceTree = "<group>"; };
		4C2976F7180D4EC6000246FC /* MIJAppDelegate.m */ = {isa = PBXFileReference; lastKnownFileType = sourcecode.c.objc; path = MIJAppDelegate.m; sourceTree = "<group>"; };
		4C2976F9180D4EC6000246FC /* Images.xcassets */ = {isa = PBXFileReference; lastKnownFileType = folder.assetcatalog; path = Images.xcassets; sourceTree = "<group>"; };
		4C2976FF180D4EC6000246FC /* AdCalcTests.xctest */ = {isa = PBXFileReference; explicitFileType = wrapper.cfbundle; includeInIndex = 0; path = AdCalcTests.xctest; sourceTree = BUILT_PRODUCTS_DIR; };
		4C297700180D4EC6000246FC /* XCTest.framework */ = {isa = PBXFileReference; lastKnownFileType = wrapper.framework; name = XCTest.framework; path = Library/Frameworks/XCTest.framework; sourceTree = DEVELOPER_DIR; };
		4C297708180D4EC6000246FC /* AdCalcTests-Info.plist */ = {isa = PBXFileReference; lastKnownFileType = text.plist.xml; path = "AdCalcTests-Info.plist"; sourceTree = "<group>"; };
		4C29770A180D4EC6000246FC /* en */ = {isa = PBXFileReference; lastKnownFileType = text.plist.strings; name = en; path = en.lproj/InfoPlist.strings; sourceTree = "<group>"; };
		4C29770C180D4EC6000246FC /* AdCalcTests.m */ = {isa = PBXFileReference; lastKnownFileType = sourcecode.c.objc; path = AdCalcTests.m; sourceTree = "<group>"; };
		4C297716180D4F05000246FC /* MainStoryboard.storyboard */ = {isa = PBXFileReference; fileEncoding = 4; lastKnownFileType = file.storyboard; name = MainStoryboard.storyboard; path = ../MainStoryboard.storyboard; sourceTree = "<group>"; };
		4C297718180D4F1A000246FC /* MainViewController.h */ = {isa = PBXFileReference; fileEncoding = 4; lastKnownFileType = sourcecode.c.h; path = MainViewController.h; sourceTree = "<group>"; };
		4C297719180D4F1A000246FC /* MainViewController.m */ = {isa = PBXFileReference; fileEncoding = 4; lastKnownFileType = sourcecode.c.objc; path = MainViewController.m; sourceTree = "<group>"; };
		4C29771C180D65D9000246FC /* AdCalc_AppIcon.png */ = {isa = PBXFileReference; lastKnownFileType = image.png; name = AdCalc_AppIcon.png; path = "../../../../../../Downloads/AdCalc-master/AdCalc/AdCalc_AppIcon.png"; sourceTree = "<group>"; };
		4C29771D180D65D9000246FC /* AdCalc_BackgroundImage.png */ = {isa = PBXFileReference; lastKnownFileType = image.png; name = AdCalc_BackgroundImage.png; path = "../../../../../../Downloads/AdCalc-master/AdCalc/AdCalc_BackgroundImage.png"; sourceTree = "<group>"; };
		4C29771E180D65D9000246FC /* AdCalc_LoadUpScreen_2x.png */ = {isa = PBXFileReference; lastKnownFileType = image.png; name = AdCalc_LoadUpScreen_2x.png; path = "../../../../../../Downloads/AdCalc-master/AdCalc/AdCalc_LoadUpScreen_2x.png"; sourceTree = "<group>"; };
		4C29771F180D65D9000246FC /* AdCalc_LoadUpScreen.png */ = {isa = PBXFileReference; lastKnownFileType = image.png; name = AdCalc_LoadUpScreen.png; path = "../../../../../../Downloads/AdCalc-master/AdCalc/AdCalc_LoadUpScreen.png"; sourceTree = "<group>"; };
		4C297720180D65D9000246FC /* AdCalc_SettingsIcon.png */ = {isa = PBXFileReference; lastKnownFileType = image.png; name = AdCalc_SettingsIcon.png; path = "../../../../../../Downloads/AdCalc-master/AdCalc/AdCalc_SettingsIcon.png"; sourceTree = "<group>"; };
		4C297721180D65D9000246FC /* AdCalc_SpotlightIcon.png */ = {isa = PBXFileReference; lastKnownFileType = image.png; name = AdCalc_SpotlightIcon.png; path = "../../../../../../Downloads/AdCalc-master/AdCalc/AdCalc_SpotlightIcon.png"; sourceTree = "<group>"; };
/* End PBXFileReference section */

/* Begin PBXFrameworksBuildPhase section */
		4C2976E1180D4EC6000246FC /* Frameworks */ = {
			isa = PBXFrameworksBuildPhase;
			buildActionMask = 2147483647;
			files = (
				4C2976EA180D4EC6000246FC /* CoreGraphics.framework in Frameworks */,
				4C2976EC180D4EC6000246FC /* UIKit.framework in Frameworks */,
				4C2976E8180D4EC6000246FC /* Foundation.framework in Frameworks */,
			);
			runOnlyForDeploymentPostprocessing = 0;
		};
		4C2976FC180D4EC6000246FC /* Frameworks */ = {
			isa = PBXFrameworksBuildPhase;
			buildActionMask = 2147483647;
			files = (
				4C297701180D4EC6000246FC /* XCTest.framework in Frameworks */,
				4C297703180D4EC6000246FC /* UIKit.framework in Frameworks */,
				4C297702180D4EC6000246FC /* Foundation.framework in Frameworks */,
			);
			runOnlyForDeploymentPostprocessing = 0;
		};
/* End PBXFrameworksBuildPhase section */

/* Begin PBXGroup section */
		4C2976DB180D4EC6000246FC = {
			isa = PBXGroup;
			children = (
				4C2976ED180D4EC6000246FC /* AdCalc */,
				4C297706180D4EC6000246FC /* AdCalcTests */,
				4C2976E6180D4EC6000246FC /* Frameworks */,
				4C2976E5180D4EC6000246FC /* Products */,
			);
			sourceTree = "<group>";
		};
		4C2976E5180D4EC6000246FC /* Products */ = {
			isa = PBXGroup;
			children = (
				4C2976E4180D4EC6000246FC /* AdCalc.app */,
				4C2976FF180D4EC6000246FC /* AdCalcTests.xctest */,
			);
			name = Products;
			sourceTree = "<group>";
		};
		4C2976E6180D4EC6000246FC /* Frameworks */ = {
			isa = PBXGroup;
			children = (
				4C2976E7180D4EC6000246FC /* Foundation.framework */,
				4C2976E9180D4EC6000246FC /* CoreGraphics.framework */,
				4C2976EB180D4EC6000246FC /* UIKit.framework */,
				4C297700180D4EC6000246FC /* XCTest.framework */,
			);
			name = Frameworks;
			sourceTree = "<group>";
		};
		4C2976ED180D4EC6000246FC /* AdCalc */ = {
			isa = PBXGroup;
			children = (
				4C29771B180D65BA000246FC /* Images */,
				4C297716180D4F05000246FC /* MainStoryboard.storyboard */,
				4C2976F6180D4EC6000246FC /* MIJAppDelegate.h */,
				4C2976F7180D4EC6000246FC /* MIJAppDelegate.m */,
				4C297718180D4F1A000246FC /* MainViewController.h */,
				4C297719180D4F1A000246FC /* MainViewController.m */,
				4C2976F9180D4EC6000246FC /* Images.xcassets */,
				4C2976EE180D4EC6000246FC /* Supporting Files */,
			);
			path = AdCalc;
			sourceTree = "<group>";
		};
		4C2976EE180D4EC6000246FC /* Supporting Files */ = {
			isa = PBXGroup;
			children = (
				4C2976EF180D4EC6000246FC /* AdCalc-Info.plist */,
				4C2976F0180D4EC6000246FC /* InfoPlist.strings */,
				4C2976F3180D4EC6000246FC /* main.m */,
				4C2976F5180D4EC6000246FC /* AdCalc-Prefix.pch */,
			);
			name = "Supporting Files";
			sourceTree = "<group>";
		};
		4C297706180D4EC6000246FC /* AdCalcTests */ = {
			isa = PBXGroup;
			children = (
				4C29770C180D4EC6000246FC /* AdCalcTests.m */,
				4C297707180D4EC6000246FC /* Supporting Files */,
			);
			path = AdCalcTests;
			sourceTree = "<group>";
		};
		4C297707180D4EC6000246FC /* Supporting Files */ = {
			isa = PBXGroup;
			children = (
				4C297708180D4EC6000246FC /* AdCalcTests-Info.plist */,
				4C297709180D4EC6000246FC /* InfoPlist.strings */,
			);
			name = "Supporting Files";
			sourceTree = "<group>";
		};
		4C29771B180D65BA000246FC /* Images */ = {
			isa = PBXGroup;
			children = (
				4C29771C180D65D9000246FC /* AdCalc_AppIcon.png */,
				4C29771D180D65D9000246FC /* AdCalc_BackgroundImage.png */,
				4C29771E180D65D9000246FC /* AdCalc_LoadUpScreen_2x.png */,
				4C29771F180D65D9000246FC /* AdCalc_LoadUpScreen.png */,
				4C297720180D65D9000246FC /* AdCalc_SettingsIcon.png */,
				4C297721180D65D9000246FC /* AdCalc_SpotlightIcon.png */,
			);
			name = Images;
			sourceTree = "<group>";
		};
/* End PBXGroup section */

/* Begin PBXNativeTarget section */
		4C2976E3180D4EC6000246FC /* AdCalc */ = {
			isa = PBXNativeTarget;
			buildConfigurationList = 4C297710180D4EC6000246FC /* Build configuration list for PBXNativeTarget "AdCalc" */;
			buildPhases = (
				4C2976E0180D4EC6000246FC /* Sources */,
				4C2976E1180D4EC6000246FC /* Frameworks */,
				4C2976E2180D4EC6000246FC /* Resources */,
			);
			buildRules = (
			);
			dependencies = (
			);
			name = AdCalc;
			productName = AdCalc;
			productReference = 4C2976E4180D4EC6000246FC /* AdCalc.app */;
			productType = "com.apple.product-type.application";
		};
		4C2976FE180D4EC6000246FC /* AdCalcTests */ = {
			isa = PBXNativeTarget;
			buildConfigurationList = 4C297713180D4EC6000246FC /* Build configuration list for PBXNativeTarget "AdCalcTests" */;
			buildPhases = (
				4C2976FB180D4EC6000246FC /* Sources */,
				4C2976FC180D4EC6000246FC /* Frameworks */,
				4C2976FD180D4EC6000246FC /* Resources */,
			);
			buildRules = (
			);
			dependencies = (
				4C297705180D4EC6000246FC /* PBXTargetDependency */,
			);
			name = AdCalcTests;
			productName = AdCalcTests;
			productReference = 4C2976FF180D4EC6000246FC /* AdCalcTests.xctest */;
			productType = "com.apple.product-type.bundle.unit-test";
		};
/* End PBXNativeTarget section */

/* Begin PBXProject section */
		4C2976DC180D4EC6000246FC /* Project object */ = {
			isa = PBXProject;
			attributes = {
				CLASSPREFIX = MIJ;
				LastUpgradeCheck = 0500;
				ORGANIZATIONNAME = "Michael Jones";
				TargetAttributes = {
					4C2976E3180D4EC6000246FC = {
						DevelopmentTeam = 7TZP8288QD;
					};
					4C2976FE180D4EC6000246FC = {
						TestTargetID = 4C2976E3180D4EC6000246FC;
					};
				};
			};
			buildConfigurationList = 4C2976DF180D4EC6000246FC /* Build configuration list for PBXProject "AdCalc" */;
			compatibilityVersion = "Xcode 3.2";
			developmentRegion = English;
			hasScannedForEncodings = 0;
			knownRegions = (
				en,
			);
			mainGroup = 4C2976DB180D4EC6000246FC;
			productRefGroup = 4C2976E5180D4EC6000246FC /* Products */;
			projectDirPath = "";
			projectRoot = "";
			targets = (
				4C2976E3180D4EC6000246FC /* AdCalc */,
				4C2976FE180D4EC6000246FC /* AdCalcTests */,
			);
		};
/* End PBXProject section */

/* Begin PBXResourcesBuildPhase section */
		4C2976E2180D4EC6000246FC /* Resources */ = {
			isa = PBXResourcesBuildPhase;
			buildActionMask = 2147483647;
			files = (
				4C297717180D4F05000246FC /* MainStoryboard.storyboard in Resources */,
				4C2976F2180D4EC6000246FC /* InfoPlist.strings in Resources */,
				4C297724180D65D9000246FC /* AdCalc_LoadUpScreen_2x.png in Resources */,
				4C297726180D65D9000246FC /* AdCalc_SettingsIcon.png in Resources */,
				4C297723180D65D9000246FC /* AdCalc_BackgroundImage.png in Resources */,
				4C297722180D65D9000246FC /* AdCalc_AppIcon.png in Resources */,
				4C297725180D65D9000246FC /* AdCalc_LoadUpScreen.png in Resources */,
				4C2976FA180D4EC6000246FC /* Images.xcassets in Resources */,
				4C297727180D65D9000246FC /* AdCalc_SpotlightIcon.png in Resources */,
			);
			runOnlyForDeploymentPostprocessing = 0;
		};
		4C2976FD180D4EC6000246FC /* Resources */ = {
			isa = PBXResourcesBuildPhase;
			buildActionMask = 2147483647;
			files = (
				4C29770B180D4EC6000246FC /* InfoPlist.strings in Resources */,
			);
			runOnlyForDeploymentPostprocessing = 0;
		};
/* End PBXResourcesBuildPhase section */

/* Begin PBXSourcesBuildPhase section */
		4C2976E0180D4EC6000246FC /* Sources */ = {
			isa = PBXSourcesBuildPhase;
			buildActionMask = 2147483647;
			files = (
				4C2976F4180D4EC6000246FC /* main.m in Sources */,
				4C29771A180D4F1A000246FC /* MainViewController.m in Sources */,
				4C2976F8180D4EC6000246FC /* MIJAppDelegate.m in Sources */,
			);
			runOnlyForDeploymentPostprocessing = 0;
		};
		4C2976FB180D4EC6000246FC /* Sources */ = {
			isa = PBXSourcesBuildPhase;
			buildActionMask = 2147483647;
			files = (
				4C29770D180D4EC6000246FC /* AdCalcTests.m in Sources */,
			);
			runOnlyForDeploymentPostprocessing = 0;
		};
/* End PBXSourcesBuildPhase section */

/* Begin PBXTargetDependency section */
		4C297705180D4EC6000246FC /* PBXTargetDependency */ = {
			isa = PBXTargetDependency;
			target = 4C2976E3180D4EC6000246FC /* AdCalc */;
			targetProxy = 4C297704180D4EC6000246FC /* PBXContainerItemProxy */;
		};
/* End PBXTargetDependency section */

/* Begin PBXVariantGroup section */
		4C2976F0180D4EC6000246FC /* InfoPlist.strings */ = {
			isa = PBXVariantGroup;
			children = (
				4C2976F1180D4EC6000246FC /* en */,
			);
			name = InfoPlist.strings;
			sourceTree = "<group>";
		};
		4C297709180D4EC6000246FC /* InfoPlist.strings */ = {
			isa = PBXVariantGroup;
			children = (
				4C29770A180D4EC6000246FC /* en */,
			);
			name = InfoPlist.strings;
			sourceTree = "<group>";
		};
/* End PBXVariantGroup section */

/* Begin XCBuildConfiguration section */
		4C29770E180D4EC6000246FC /* Debug */ = {
			isa = XCBuildConfiguration;
			buildSettings = {
				ALWAYS_SEARCH_USER_PATHS = NO;
				ARCHS = "$(ARCHS_STANDARD_INCLUDING_64_BIT)";
				CLANG_CXX_LANGUAGE_STANDARD = "gnu++0x";
				CLANG_CXX_LIBRARY = "libc++";
				CLANG_ENABLE_MODULES = YES;
				CLANG_ENABLE_OBJC_ARC = YES;
				CLANG_WARN_BOOL_CONVERSION = YES;
				CLANG_WARN_CONSTANT_CONVERSION = YES;
				CLANG_WARN_DIRECT_OBJC_ISA_USAGE = YES_ERROR;
				CLANG_WARN_EMPTY_BODY = YES;
				CLANG_WARN_ENUM_CONVERSION = YES;
				CLANG_WARN_INT_CONVERSION = YES;
				CLANG_WARN_OBJC_ROOT_CLASS = YES_ERROR;
				CLANG_WARN__DUPLICATE_METHOD_MATCH = YES;
				"CODE_SIGN_IDENTITY[sdk=iphoneos*]" = "iPhone Developer: Michael Jones (UTJ8F288RB)";
				COPY_PHASE_STRIP = NO;
				GCC_C_LANGUAGE_STANDARD = gnu99;
				GCC_DYNAMIC_NO_PIC = NO;
				GCC_OPTIMIZATION_LEVEL = 0;
				GCC_PREPROCESSOR_DEFINITIONS = (
					"DEBUG=1",
					"$(inherited)",
				);
				GCC_SYMBOLS_PRIVATE_EXTERN = NO;
				GCC_WARN_64_TO_32_BIT_CONVERSION = YES;
				GCC_WARN_ABOUT_RETURN_TYPE = YES_ERROR;
				GCC_WARN_UNDECLARED_SELECTOR = YES;
				GCC_WARN_UNINITIALIZED_AUTOS = YES;
				GCC_WARN_UNUSED_FUNCTION = YES;
				GCC_WARN_UNUSED_VARIABLE = YES;
				IPHONEOS_DEPLOYMENT_TARGET = 7.0;
				ONLY_ACTIVE_ARCH = YES;
				SDKROOT = iphoneos;
			};
			name = Debug;
		};
		4C29770F180D4EC6000246FC /* Release */ = {
			isa = XCBuildConfiguration;
			buildSettings = {
				ALWAYS_SEARCH_USER_PATHS = NO;
				ARCHS = "$(ARCHS_STANDARD_INCLUDING_64_BIT)";
				CLANG_CXX_LANGUAGE_STANDARD = "gnu++0x";
				CLANG_CXX_LIBRARY = "libc++";
				CLANG_ENABLE_MODULES = YES;
				CLANG_ENABLE_OBJC_ARC = YES;
				CLANG_WARN_BOOL_CONVERSION = YES;
				CLANG_WARN_CONSTANT_CONVERSION = YES;
				CLANG_WARN_DIRECT_OBJC_ISA_USAGE = YES_ERROR;
				CLANG_WARN_EMPTY_BODY = YES;
				CLANG_WARN_ENUM_CONVERSION = YES;
				CLANG_WARN_INT_CONVERSION = YES;
				CLANG_WARN_OBJC_ROOT_CLASS = YES_ERROR;
				CLANG_WARN__DUPLICATE_METHOD_MATCH = YES;
				"CODE_SIGN_IDENTITY[sdk=iphoneos*]" = "iPhone Distribution";
				COPY_PHASE_STRIP = YES;
				ENABLE_NS_ASSERTIONS = NO;
				GCC_C_LANGUAGE_STANDARD = gnu99;
				GCC_WARN_64_TO_32_BIT_CONVERSION = YES;
				GCC_WARN_ABOUT_RETURN_TYPE = YES_ERROR;
				GCC_WARN_UNDECLARED_SELECTOR = YES;
				GCC_WARN_UNINITIALIZED_AUTOS = YES;
				GCC_WARN_UNUSED_FUNCTION = YES;
				GCC_WARN_UNUSED_VARIABLE = YES;
				IPHONEOS_DEPLOYMENT_TARGET = 7.0;
				SDKROOT = iphoneos;
				VALIDATE_PRODUCT = YES;
			};
			name = Release;
		};
		4C297711180D4EC6000246FC /* Debug */ = {
			isa = XCBuildConfiguration;
			buildSettings = {
				ASSETCATALOG_COMPILER_APPICON_NAME = AppIcon;
				ASSETCATALOG_COMPILER_LAUNCHIMAGE_NAME = LaunchImage;
				CODE_SIGN_IDENTITY = "iPhone Developer";
				"CODE_SIGN_IDENTITY[sdk=iphoneos*]" = "iPhone Developer";
				GCC_PRECOMPILE_PREFIX_HEADER = YES;
				GCC_PREFIX_HEADER = "AdCalc/AdCalc-Prefix.pch";
				INFOPLIST_FILE = "AdCalc/AdCalc-Info.plist";
				PRODUCT_NAME = "$(TARGET_NAME)";
				PROVISIONING_PROFILE = "";
				WRAPPER_EXTENSION = app;
			};
			name = Debug;
		};
		4C297712180D4EC6000246FC /* Release */ = {
			isa = XCBuildConfiguration;
			buildSettings = {
				ASSETCATALOG_COMPILER_APPICON_NAME = AppIcon;
				ASSETCATALOG_COMPILER_LAUNCHIMAGE_NAME = LaunchImage;
				CODE_SIGN_IDENTITY = "iPhone Developer";
				"CODE_SIGN_IDENTITY[sdk=iphoneos*]" = "iPhone Developer";
				GCC_PRECOMPILE_PREFIX_HEADER = YES;
				GCC_PREFIX_HEADER = "AdCalc/AdCalc-Prefix.pch";
				INFOPLIST_FILE = "AdCalc/AdCalc-Info.plist";
				PRODUCT_NAME = "$(TARGET_NAME)";
				PROVISIONING_PROFILE = "";
				WRAPPER_EXTENSION = app;
			};
			name = Release;
		};
		4C297714180D4EC6000246FC /* Debug */ = {
			isa = XCBuildConfiguration;
			buildSettings = {
				ARCHS = "$(ARCHS_STANDARD_INCLUDING_64_BIT)";
				BUNDLE_LOADER = "$(BUILT_PRODUCTS_DIR)/AdCalc.app/AdCalc";
				FRAMEWORK_SEARCH_PATHS = (
					"$(SDKROOT)/Developer/Library/Frameworks",
					"$(inherited)",
					"$(DEVELOPER_FRAMEWORKS_DIR)",
				);
				GCC_PRECOMPILE_PREFIX_HEADER = YES;
				GCC_PREFIX_HEADER = "AdCalc/AdCalc-Prefix.pch";
				GCC_PREPROCESSOR_DEFINITIONS = (
					"DEBUG=1",
					"$(inherited)",
				);
				INFOPLIST_FILE = "AdCalcTests/AdCalcTests-Info.plist";
				PRODUCT_NAME = "$(TARGET_NAME)";
				TEST_HOST = "$(BUNDLE_LOADER)";
				WRAPPER_EXTENSION = xctest;
			};
			name = Debug;
		};
		4C297715180D4EC6000246FC /* Release */ = {
			isa = XCBuildConfiguration;
			buildSettings = {
				ARCHS = "$(ARCHS_STANDARD_INCLUDING_64_BIT)";
				BUNDLE_LOADER = "$(BUILT_PRODUCTS_DIR)/AdCalc.app/AdCalc";
				FRAMEWORK_SEARCH_PATHS = (
					"$(SDKROOT)/Developer/Library/Frameworks",
					"$(inherited)",
					"$(DEVELOPER_FRAMEWORKS_DIR)",
				);
				GCC_PRECOMPILE_PREFIX_HEADER = YES;
				GCC_PREFIX_HEADER = "AdCalc/AdCalc-Prefix.pch";
				INFOPLIST_FILE = "AdCalcTests/AdCalcTests-Info.plist";
				PRODUCT_NAME = "$(TARGET_NAME)";
				TEST_HOST = "$(BUNDLE_LOADER)";
				WRAPPER_EXTENSION = xctest;
			};
			name = Release;
		};
/* End XCBuildConfiguration section */

/* Begin XCConfigurationList section */
		4C2976DF180D4EC6000246FC /* Build configuration list for PBXProject "AdCalc" */ = {
			isa = XCConfigurationList;
			buildConfigurations = (
				4C29770E180D4EC6000246FC /* Debug */,
				4C29770F180D4EC6000246FC /* Release */,
			);
			defaultConfigurationIsVisible = 0;
			defaultConfigurationName = Release;
		};
		4C297710180D4EC6000246FC /* Build configuration list for PBXNativeTarget "AdCalc" */ = {
			isa = XCConfigurationList;
			buildConfigurations = (
				4C297711180D4EC6000246FC /* Debug */,
				4C297712180D4EC6000246FC /* Release */,
			);
			defaultConfigurationIsVisible = 0;
		};
		4C297713180D4EC6000246FC /* Build configuration list for PBXNativeTarget "AdCalcTests" */ = {
			isa = XCConfigurationList;
			buildConfigurations = (
				4C297714180D4EC6000246FC /* Debug */,
				4C297715180D4EC6000246FC /* Release */,
			);
			defaultConfigurationIsVisible = 0;
		};
/* End XCConfigurationList section */
	};
	rootObject = 4C2976DC180D4EC6000246FC /* Project object */;
}
